schema_version: 1
overlay_spec: environment/requirements.in
packages:
- name: Adapt-Env
  path: external/Adapt-Env
  editable: true
  exists: true
  git_repo: true
  branch: feat/predictive-joint-calibration
  commit: 8ce716211160f83c0d4c3eaa13a9e0ffefde1814
  dirty: null
  detached_head: false
  remote: https://github.com/MA-Spence/Adapt-Env.git
  submodule: true
